
Microsoft Visual Studio Solution File, Format Version 12.00
# Visual Studio Version 16
VisualStudioVersion = 16.0.30611.23
MinimumVisualStudioVersion = 10.0.40219.1
Project("{FAE04EC0-301F-11D3-BF4B-00C04F79EFBC}") = "FilmDiziTartisma", "FilmDiziTartisma\FilmDiziTartisma.csproj", "{5FD8CF84-4787-44A2-BAA4-2A521D048A41}"
EndProject
Project("{9A19103F-16F7-4668-BE54-9A1E7A4F7556}") = "Veritabani", "Veritabani\Veritabani.csproj", "{91987609-EDCF-4FED-B94A-1744AF51F66E}"
EndProject
Project("{9A19103F-16F7-4668-BE54-9A1E7A4F7556}") = "Siniflarim", "Siniflarim\Siniflarim.csproj", "{C93C8B2B-E88E-4740-9AFC-BD6639C913E1}"
EndProject
Global
	GlobalSection(SolutionConfigurationPlatforms) = preSolution
		Debug|Any CPU = Debug|Any CPU
		Release|Any CPU = Release|Any CPU
	EndGlobalSection
	GlobalSection(ProjectConfigurationPlatforms) = postSolution
		{5FD8CF84-4787-44A2-BAA4-2A521D048A41}.Debug|Any CPU.ActiveCfg = Debug|Any CPU
		{5FD8CF84-4787-44A2-BAA4-2A521D048A41}.Debug|Any CPU.Build.0 = Debug|Any CPU
		{5FD8CF84-4787-44A2-BAA4-2A521D048A41}.Release|Any CPU.ActiveCfg = Release|Any CPU
		{5FD8CF84-4787-44A2-BAA4-2A521D048A41}.Release|Any CPU.Build.0 = Release|Any CPU
		{91987609-EDCF-4FED-B94A-1744AF51F66E}.Debug|Any CPU.ActiveCfg = Debug|Any CPU
		{91987609-EDCF-4FED-B94A-1744AF51F66E}.Debug|Any CPU.Build.0 = Debug|Any CPU
		{91987609-EDCF-4FED-B94A-1744AF51F66E}.Release|Any CPU.ActiveCfg = Release|Any CPU
		{91987609-EDCF-4FED-B94A-1744AF51F66E}.Release|Any CPU.Build.0 = Release|Any CPU
		{C93C8B2B-E88E-4740-9AFC-BD6639C913E1}.Debug|Any CPU.ActiveCfg = Debug|Any CPU
		{C93C8B2B-E88E-4740-9AFC-BD6639C913E1}.Debug|Any CPU.Build.0 = Debug|Any CPU
		{C93C8B2B-E88E-4740-9AFC-BD6639C913E1}.Release|Any CPU.ActiveCfg = Release|Any CPU
		{C93C8B2B-E88E-4740-9AFC-BD6639C913E1}.Release|Any CPU.Build.0 = Release|Any CPU
	EndGlobalSection
	GlobalSection(SolutionProperties) = preSolution
		HideSolutionNode = FALSE
	EndGlobalSection
	GlobalSection(ExtensibilityGlobals) = postSolution
		SolutionGuid = {B391B7BB-BEBA-4D84-B86A-2B97ED071C5E}
	EndGlobalSection
EndGlobal
